{
  "requires": true,
  "lockfileVersion": 1,
  "dependencies": {
    "mongoose-float": {
      "version": "1.0.4",
      "resolved": "https://registry.npmjs.org/mongoose-float/-/mongoose-float-1.0.4.tgz",
      "integrity": "sha512-0IMn9yADWithih3QEiwiqx+gYAEx5ZIQgKrIaLTX76jfJIq5WRzifGT/KDGqGm5q9NI5WLsgt7oblM3hNv/llw=="
    }
  }
}
